{
  "pins" : [
    {
      "identity" : "kvstandardconnection",
      "kind" : "remoteSourceControl",
      "location" : "https://github.com/thanhhvt-citigo/KVStandardConnection.git",
      "state" : {
        "branch" : "main",
        "revision" : "946b83b9461e09b24c34f14ca4c4a3f18306aa46"
      }
    }
  ],
  "version" : 2
}
