{
  "pins" : [
    {
      "identity" : "kvstandardconnection",
      "kind" : "remoteSourceControl",
      "location" : "https://github.com/thanhhvt-citigo/KVStandardConnection.git",
      "state" : {
        "branch" : "main",
        "revision" : "b64364f9df77c9a87615b54252c3d169483ec892"
      }
    }
  ],
  "version" : 2
}
